{
  "nodes": {
    "nixpkgs": {
      "locked": {
        "lastModified": 1785571017,
        "narHash": "sha256-5WAAreQURim0gSrDulj6Vex5j7V1SnTkur8ZtBuUKNc=",
        "path": "/nix/store/jc5zfw76nzyi3ijkjb9myz9sair831l1-source",
        "rev": "6c64a6dbd73ad31493e95a8cb00f90aef909fa24",
        "type": "path"
      },
      "original": {
        "owner": "nixos",
        "ref": "nixpkgs-unstable",
        "repo": "nixpkgs",
        "type": "github"
      }
    },
    "root": {
      "inputs": {
        "nixpkgs": "nixpkgs"
      }
    }
  },
  "root": "root",
  "version": 7
}
